
Microsoft Visual Studio Solution File, Format Version 12.00
# Visual Studio Version 16
VisualStudioVersion = 16.0.30114.105
MinimumVisualStudioVersion = 10.0.40219.1
Project("{8BC9CEB8-8B4A-11D0-8D11-00A0C91BC942}") = "200703", "200703\200703.vcxproj", "{F2083C63-6C76-44D9-B89A-F42118F2FC84}"
EndProject
Global
	GlobalSection(SolutionConfigurationPlatforms) = preSolution
		Debug|x64 = Debug|x64
		Debug|x86 = Debug|x86
		Release|x64 = Release|x64
		Release|x86 = Release|x86
	EndGlobalSection
	GlobalSection(ProjectConfigurationPlatforms) = postSolution
		{F2083C63-6C76-44D9-B89A-F42118F2FC84}.Debug|x64.ActiveCfg = Debug|x64
		{F2083C63-6C76-44D9-B89A-F42118F2FC84}.Debug|x64.Build.0 = Debug|x64
		{F2083C63-6C76-44D9-B89A-F42118F2FC84}.Debug|x86.ActiveCfg = Debug|Win32
		{F2083C63-6C76-44D9-B89A-F42118F2FC84}.Debug|x86.Build.0 = Debug|Win32
		{F2083C63-6C76-44D9-B89A-F42118F2FC84}.Release|x64.ActiveCfg = Release|x64
		{F2083C63-6C76-44D9-B89A-F42118F2FC84}.Release|x64.Build.0 = Release|x64
		{F2083C63-6C76-44D9-B89A-F42118F2FC84}.Release|x86.ActiveCfg = Release|Win32
		{F2083C63-6C76-44D9-B89A-F42118F2FC84}.Release|x86.Build.0 = Release|Win32
	EndGlobalSection
	GlobalSection(SolutionProperties) = preSolution
		HideSolutionNode = FALSE
	EndGlobalSection
	GlobalSection(ExtensibilityGlobals) = postSolution
		SolutionGuid = {47B24377-CE8A-470B-858B-7B292D9B4FFB}
	EndGlobalSection
EndGlobal
