<?xml version="1.0" encoding="utf-8"?>
<Project ToolsVersion="4.0" xmlns="http://schemas.microsoft.com/developer/msbuild/2003">
  <ItemGroup>
    <Filter Include="Source Files">
      <UniqueIdentifier>{4FC737F1-C7A5-4376-A066-2A32D752A2FF}</UniqueIdentifier>
      <Extensions>cpp;c;cc;cxx;def;odl;idl;hpj;bat;asm;asmx</Extensions>
    </Filter>
    <Filter Include="Header Files">
      <UniqueIdentifier>{93995380-89BD-4b04-88EB-625FBE52EBFB}</UniqueIdentifier>
      <Extensions>h;hpp;hxx;hm;inl;inc;xsd</Extensions>
    </Filter>
    <Filter Include="Resource Files">
      <UniqueIdentifier>{67DA6AB6-F800-4c08-8B7A-83BB121AAD01}</UniqueIdentifier>
      <Extensions>rc;ico;cur;bmp;dlg;rc2;rct;bin;rgs;gif;jpg;jpeg;jpe;resx;tiff;tif;png;wav;mfcribbon-ms</Extensions>
    </Filter>
    <Filter Include="Header Files\Controls">
      <UniqueIdentifier>{b176592e-3707-4665-88a9-562f0924f2ec}</UniqueIdentifier>
    </Filter>
    <Filter Include="Header Files\Windows">
      <UniqueIdentifier>{b8d3b13f-0756-4ba7-a7d7-6e1f973bc9ac}</UniqueIdentifier>
    </Filter>
    <Filter Include="Source Files\Controls">
      <UniqueIdentifier>{fd54398b-63a4-4c45-8641-e09334135790}</UniqueIdentifier>
    </Filter>
    <Filter Include="Source Files\Windows">
      <UniqueIdentifier>{5fb5c967-4743-414f-804c-373579bed220}</UniqueIdentifier>
    </Filter>
    <Filter Include="Source Files\State">
      <UniqueIdentifier>{5cc53788-57bb-478c-9a07-8893f3c1546d}</UniqueIdentifier>
    </Filter>
    <Filter Include="Header Files\State">
      <UniqueIdentifier>{4d7b8195-2950-4aac-9c71-f4624239aa2d}</UniqueIdentifier>
    </Filter>
    <Filter Include="Header Files\Characters">
      <UniqueIdentifier>{100aabc9-447e-4033-a4de-492e1947dcc7}</UniqueIdentifier>
    </Filter>
    <Filter Include="Source Files\Characters">
      <UniqueIdentifier>{0f568768-00de-4aaa-a0c3-866fec61d4c0}</UniqueIdentifier>
    </Filter>
    <Filter Include="Source Files\Characters\Elf">
      <UniqueIdentifier>{bd657954-cf84-46f5-a173-e5f2950e1bfb}</UniqueIdentifier>
    </Filter>
    <Filter Include="Source Files\Characters\Orc">
      <UniqueIdentifier>{4f7a0c6b-1def-46b3-a221-083f9bb57cbb}</UniqueIdentifier>
    </Filter>
    <Filter Include="Source Files\Characters\Hum">
      <UniqueIdentifier>{fe03f989-59df-40f7-bdf6-49aba3f42319}</UniqueIdentifier>
    </Filter>
    <Filter Include="Header Files\Characters\Elf">
      <UniqueIdentifier>{f98129cd-1bda-41a3-ab15-ec51924bd9d2}</UniqueIdentifier>
    </Filter>
    <Filter Include="Header Files\Characters\Orc">
      <UniqueIdentifier>{8b34ad5c-dba0-49b4-84c7-6cbdd61f61f9}</UniqueIdentifier>
    </Filter>
    <Filter Include="Header Files\Characters\Hum">
      <UniqueIdentifier>{0ff63c47-f733-4708-95e7-8a2223687f49}</UniqueIdentifier>
    </Filter>
    <Filter Include="Header Files\Items">
      <UniqueIdentifier>{b23cc4bf-e2ea-450d-ae72-59c011d7a5ab}</UniqueIdentifier>
    </Filter>
    <Filter Include="Source Files\Items">
      <UniqueIdentifier>{96470cb5-ac5a-4a08-9316-11b0e026836a}</UniqueIdentifier>
    </Filter>
    <Filter Include="Source Files\Items\Factorys">
      <UniqueIdentifier>{696de906-24e1-4f7e-9a69-6b3c816876ab}</UniqueIdentifier>
    </Filter>
    <Filter Include="Header Files\Items\Factorys">
      <UniqueIdentifier>{cffafe60-7410-449c-9129-a2e546cb66cd}</UniqueIdentifier>
    </Filter>
    <Filter Include="Header Files\Management">
      <UniqueIdentifier>{42b94755-a6e3-428e-80b0-505ecaf7751f}</UniqueIdentifier>
    </Filter>
    <Filter Include="Source Files\Management">
      <UniqueIdentifier>{ae5c355e-c43d-4eca-b559-7feec8df2619}</UniqueIdentifier>
    </Filter>
  </ItemGroup>
  <ItemGroup>
    <ClInclude Include="SourceCode\Controls\EditControl.h">
      <Filter>Header Files\Controls</Filter>
    </ClInclude>
    <ClInclude Include="SourceCode\Controls\GroupBox.h">
      <Filter>Header Files\Controls</Filter>
    </ClInclude>
    <ClInclude Include="SourceCode\Controls\ListBox.h">
      <Filter>Header Files\Controls</Filter>
    </ClInclude>
    <ClInclude Include="SourceCode\Controls\PushButton.h">
      <Filter>Header Files\Controls</Filter>
    </ClInclude>
    <ClInclude Include="SourceCode\Controls\RadioButton.h">
      <Filter>Header Files\Controls</Filter>
    </ClInclude>
    <ClInclude Include="SourceCode\Controls\StaticText.h">
      <Filter>Header Files\Controls</Filter>
    </ClInclude>
    <ClInclude Include="SourceCode\Windows\MainFrame.h">
      <Filter>Header Files\Windows</Filter>
    </ClInclude>
    <ClInclude Include="SourceCode\Windows\WindowFrame.h">
      <Filter>Header Files\Windows</Filter>
    </ClInclude>
    <ClInclude Include="SourceCode\State\CreateState.h">
      <Filter>Header Files\State</Filter>
    </ClInclude>
    <ClInclude Include="SourceCode\State\GameState.h">
      <Filter>Header Files\State</Filter>
    </ClInclude>
    <ClInclude Include="SourceCode\State\LoginSystem.h">
      <Filter>Header Files\State</Filter>
    </ClInclude>
    <ClInclude Include="SourceCode\State\SignupState.h">
      <Filter>Header Files\State</Filter>
    </ClInclude>
    <ClInclude Include="SourceCode\State\StoreState.h">
      <Filter>Header Files\State</Filter>
    </ClInclude>
    <ClInclude Include="SourceCode\State\TitleState.h">
      <Filter>Header Files\State</Filter>
    </ClInclude>
    <ClInclude Include="SourceCode\State\UserMenuState.h">
      <Filter>Header Files\State</Filter>
    </ClInclude>
    <ClInclude Include="SourceCode\Controls.h">
      <Filter>Header Files</Filter>
    </ClInclude>
    <ClInclude Include="SourceCode\Global.h">
      <Filter>Header Files</Filter>
    </ClInclude>
    <ClInclude Include="SourceCode\Character\Elf\Elf.h">
      <Filter>Header Files\Characters\Elf</Filter>
    </ClInclude>
    <ClInclude Include="SourceCode\Character\Elf\ElfFactory.h">
      <Filter>Header Files\Characters\Elf</Filter>
    </ClInclude>
    <ClInclude Include="SourceCode\Character\Human\Human.h">
      <Filter>Header Files\Characters\Hum</Filter>
    </ClInclude>
    <ClInclude Include="SourceCode\Character\Human\HumanFactory.h">
      <Filter>Header Files\Characters\Hum</Filter>
    </ClInclude>
    <ClInclude Include="SourceCode\Character\Orc\Orc.h">
      <Filter>Header Files\Characters\Orc</Filter>
    </ClInclude>
    <ClInclude Include="SourceCode\Character\Orc\OrcFactory.h">
      <Filter>Header Files\Characters\Orc</Filter>
    </ClInclude>
    <ClInclude Include="SourceCode\Character\Character.h">
      <Filter>Header Files\Characters</Filter>
    </ClInclude>
    <ClInclude Include="SourceCode\Character\CharacterFactory.h">
      <Filter>Header Files\Characters</Filter>
    </ClInclude>
    <ClInclude Include="SourceCode\Items\Armor.h">
      <Filter>Header Files\Items</Filter>
    </ClInclude>
    <ClInclude Include="SourceCode\Items\Item.h">
      <Filter>Header Files\Items</Filter>
    </ClInclude>
    <ClInclude Include="SourceCode\Items\Weapon.h">
      <Filter>Header Files\Items</Filter>
    </ClInclude>
    <ClInclude Include="SourceCode\Items\Factorys\ArchorItemFactory.h">
      <Filter>Header Files\Items\Factorys</Filter>
    </ClInclude>
    <ClInclude Include="SourceCode\Items\Factorys\ItemFactory.h">
      <Filter>Header Files\Items\Factorys</Filter>
    </ClInclude>
    <ClInclude Include="SourceCode\Items\Factorys\SorcererItemFactory.h">
      <Filter>Header Files\Items\Factorys</Filter>
    </ClInclude>
    <ClInclude Include="SourceCode\Items\Factorys\WarriorItemFactory.h">
      <Filter>Header Files\Items\Factorys</Filter>
    </ClInclude>
    <ClInclude Include="SourceCode\Items\ItemDataBase.h">
      <Filter>Header Files\Items</Filter>
    </ClInclude>
    <ClInclude Include="SourceCode\LinkedList.h">
      <Filter>Header Files</Filter>
    </ClInclude>
    <ClInclude Include="SourceCode\State\DeleteState.h">
      <Filter>Header Files\State</Filter>
    </ClInclude>
    <ClInclude Include="SourceCode\Management\UserManager.h">
      <Filter>Header Files\Management</Filter>
    </ClInclude>
    <ClInclude Include="SourceCode\Management\User.h">
      <Filter>Header Files\Management</Filter>
    </ClInclude>
    <ClInclude Include="SourceCode\Management\CharacterManager.h">
      <Filter>Header Files\Management</Filter>
    </ClInclude>
    <ClInclude Include="SourceCode\State\BuyState.h">
      <Filter>Header Files\State</Filter>
    </ClInclude>
    <ClInclude Include="SourceCode\State\SellState.h">
      <Filter>Header Files\State</Filter>
    </ClInclude>
    <ClInclude Include="SourceCode\Management\ItemListManager.h">
      <Filter>Header Files\Management</Filter>
    </ClInclude>
    <ClInclude Include="SourceCode\State\ShowState.h">
      <Filter>Header Files\State</Filter>
    </ClInclude>
  </ItemGroup>
  <ItemGroup>
    <ClCompile Include="SourceCode\Controls\EditControl.cpp">
      <Filter>Source Files\Controls</Filter>
    </ClCompile>
    <ClCompile Include="SourceCode\Controls\GroupBox.cpp">
      <Filter>Source Files\Controls</Filter>
    </ClCompile>
    <ClCompile Include="SourceCode\Controls\ListBox.cpp">
      <Filter>Source Files\Controls</Filter>
    </ClCompile>
    <ClCompile Include="SourceCode\Controls\PushButton.cpp">
      <Filter>Source Files\Controls</Filter>
    </ClCompile>
    <ClCompile Include="SourceCode\Controls\RadioButton.cpp">
      <Filter>Source Files\Controls</Filter>
    </ClCompile>
    <ClCompile Include="SourceCode\Controls\StaticText.cpp">
      <Filter>Source Files\Controls</Filter>
    </ClCompile>
    <ClCompile Include="SourceCode\State\CreateState.cpp">
      <Filter>Source Files\State</Filter>
    </ClCompile>
    <ClCompile Include="SourceCode\State\GameState.cpp">
      <Filter>Source Files\State</Filter>
    </ClCompile>
    <ClCompile Include="SourceCode\State\LoginSystem.cpp">
      <Filter>Source Files\State</Filter>
    </ClCompile>
    <ClCompile Include="SourceCode\State\SignupState.cpp">
      <Filter>Source Files\State</Filter>
    </ClCompile>
    <ClCompile Include="SourceCode\State\StoreState.cpp">
      <Filter>Source Files\State</Filter>
    </ClCompile>
    <ClCompile Include="SourceCode\State\TitleState.cpp">
      <Filter>Source Files\State</Filter>
    </ClCompile>
    <ClCompile Include="SourceCode\State\UserMenuState.cpp">
      <Filter>Source Files\State</Filter>
    </ClCompile>
    <ClCompile Include="SourceCode\Windows\MainFrame.cpp">
      <Filter>Source Files\Windows</Filter>
    </ClCompile>
    <ClCompile Include="SourceCode\Windows\WindowFrame.cpp">
      <Filter>Source Files\Windows</Filter>
    </ClCompile>
    <ClCompile Include="SourceCode\Windows\WinMain.cpp">
      <Filter>Source Files\Windows</Filter>
    </ClCompile>
    <ClCompile Include="SourceCode\Character\Character.cpp">
      <Filter>Source Files\Characters</Filter>
    </ClCompile>
    <ClCompile Include="SourceCode\Character\CharacterFactory.cpp">
      <Filter>Source Files\Characters</Filter>
    </ClCompile>
    <ClCompile Include="SourceCode\Character\Elf\Elf.cpp">
      <Filter>Source Files\Characters\Elf</Filter>
    </ClCompile>
    <ClCompile Include="SourceCode\Character\Elf\ElfFactory.cpp">
      <Filter>Source Files\Characters\Elf</Filter>
    </ClCompile>
    <ClCompile Include="SourceCode\Character\Human\Human.cpp">
      <Filter>Source Files\Characters\Hum</Filter>
    </ClCompile>
    <ClCompile Include="SourceCode\Character\Human\HumanFactory.cpp">
      <Filter>Source Files\Characters\Hum</Filter>
    </ClCompile>
    <ClCompile Include="SourceCode\Character\Orc\Orc.cpp">
      <Filter>Source Files\Characters\Orc</Filter>
    </ClCompile>
    <ClCompile Include="SourceCode\Character\Orc\OrcFactory.cpp">
      <Filter>Source Files\Characters\Orc</Filter>
    </ClCompile>
    <ClCompile Include="SourceCode\Items\Armor.cpp">
      <Filter>Source Files\Items</Filter>
    </ClCompile>
    <ClCompile Include="SourceCode\Items\Item.cpp">
      <Filter>Source Files\Items</Filter>
    </ClCompile>
    <ClCompile Include="SourceCode\Items\Weapon.cpp">
      <Filter>Source Files\Items</Filter>
    </ClCompile>
    <ClCompile Include="SourceCode\Items\Factorys\ArchorItemFactory.cpp">
      <Filter>Source Files\Items\Factorys</Filter>
    </ClCompile>
    <ClCompile Include="SourceCode\Items\Factorys\SorcererItemFactory.cpp">
      <Filter>Source Files\Items\Factorys</Filter>
    </ClCompile>
    <ClCompile Include="SourceCode\Items\Factorys\WarriorItemFactory.cpp">
      <Filter>Source Files\Items\Factorys</Filter>
    </ClCompile>
    <ClCompile Include="SourceCode\Items\ItemDataBase.cpp">
      <Filter>Source Files\Items</Filter>
    </ClCompile>
    <ClCompile Include="SourceCode\State\DeleteState.cpp">
      <Filter>Source Files\State</Filter>
    </ClCompile>
    <ClCompile Include="SourceCode\Management\UserManager.cpp">
      <Filter>Source Files\Management</Filter>
    </ClCompile>
    <ClCompile Include="SourceCode\Management\User.cpp">
      <Filter>Source Files\Management</Filter>
    </ClCompile>
    <ClCompile Include="SourceCode\Management\CharacterManager.cpp">
      <Filter>Source Files\Management</Filter>
    </ClCompile>
    <ClCompile Include="SourceCode\State\BuyState.cpp">
      <Filter>Source Files\State</Filter>
    </ClCompile>
    <ClCompile Include="SourceCode\State\SellState.cpp">
      <Filter>Source Files\State</Filter>
    </ClCompile>
    <ClCompile Include="SourceCode\Management\ItemListManager.cpp">
      <Filter>Source Files\Management</Filter>
    </ClCompile>
    <ClCompile Include="SourceCode\State\ShowState.cpp">
      <Filter>Source Files\State</Filter>
    </ClCompile>
  </ItemGroup>
</Project>