<?xml version="1.0" encoding="utf-8"?>
<Project ToolsVersion="4.0" xmlns="http://schemas.microsoft.com/developer/msbuild/2003">
  <ItemGroup>
    <Filter Include="Source Files">
      <UniqueIdentifier>{4FC737F1-C7A5-4376-A066-2A32D752A2FF}</UniqueIdentifier>
      <Extensions>cpp;c;cc;cxx;def;odl;idl;hpj;bat;asm;asmx</Extensions>
    </Filter>
    <Filter Include="Header Files">
      <UniqueIdentifier>{93995380-89BD-4b04-88EB-625FBE52EBFB}</UniqueIdentifier>
      <Extensions>h;hpp;hxx;hm;inl;inc;xsd</Extensions>
    </Filter>
    <Filter Include="Resource Files">
      <UniqueIdentifier>{67DA6AB6-F800-4c08-8B7A-83BB121AAD01}</UniqueIdentifier>
      <Extensions>rc;ico;cur;bmp;dlg;rc2;rct;bin;rgs;gif;jpg;jpeg;jpe;resx;tiff;tif;png;wav;mfcribbon-ms</Extensions>
    </Filter>
    <Filter Include="Header Files\Controls">
      <UniqueIdentifier>{b176592e-3707-4665-88a9-562f0924f2ec}</UniqueIdentifier>
    </Filter>
    <Filter Include="Header Files\Windows">
      <UniqueIdentifier>{b8d3b13f-0756-4ba7-a7d7-6e1f973bc9ac}</UniqueIdentifier>
    </Filter>
    <Filter Include="Source Files\Controls">
      <UniqueIdentifier>{fd54398b-63a4-4c45-8641-e09334135790}</UniqueIdentifier>
    </Filter>
    <Filter Include="Source Files\Windows">
      <UniqueIdentifier>{5fb5c967-4743-414f-804c-373579bed220}</UniqueIdentifier>
    </Filter>
    <Filter Include="Source Files\State">
      <UniqueIdentifier>{5cc53788-57bb-478c-9a07-8893f3c1546d}</UniqueIdentifier>
    </Filter>
    <Filter Include="Header Files\State">
      <UniqueIdentifier>{4d7b8195-2950-4aac-9c71-f4624239aa2d}</UniqueIdentifier>
    </Filter>
  </ItemGroup>
  <ItemGroup>
    <ClInclude Include="SourceCode\Controls\EditControl.h">
      <Filter>Header Files\Controls</Filter>
    </ClInclude>
    <ClInclude Include="SourceCode\Controls\GroupBox.h">
      <Filter>Header Files\Controls</Filter>
    </ClInclude>
    <ClInclude Include="SourceCode\Controls\ListBox.h">
      <Filter>Header Files\Controls</Filter>
    </ClInclude>
    <ClInclude Include="SourceCode\Controls\PushButton.h">
      <Filter>Header Files\Controls</Filter>
    </ClInclude>
    <ClInclude Include="SourceCode\Controls\RadioButton.h">
      <Filter>Header Files\Controls</Filter>
    </ClInclude>
    <ClInclude Include="SourceCode\Controls\StaticText.h">
      <Filter>Header Files\Controls</Filter>
    </ClInclude>
    <ClInclude Include="SourceCode\Windows\BackBit.h">
      <Filter>Header Files\Windows</Filter>
    </ClInclude>
    <ClInclude Include="SourceCode\Windows\MainFrame.h">
      <Filter>Header Files\Windows</Filter>
    </ClInclude>
    <ClInclude Include="SourceCode\Windows\Mouse.h">
      <Filter>Header Files\Windows</Filter>
    </ClInclude>
    <ClInclude Include="SourceCode\Windows\Timer.h">
      <Filter>Header Files\Windows</Filter>
    </ClInclude>
    <ClInclude Include="SourceCode\Windows\WindowFrame.h">
      <Filter>Header Files\Windows</Filter>
    </ClInclude>
    <ClInclude Include="SourceCode\State\CreateState.h">
      <Filter>Header Files\State</Filter>
    </ClInclude>
    <ClInclude Include="SourceCode\State\GameState.h">
      <Filter>Header Files\State</Filter>
    </ClInclude>
    <ClInclude Include="SourceCode\State\LoginSystem.h">
      <Filter>Header Files\State</Filter>
    </ClInclude>
    <ClInclude Include="SourceCode\State\SignupState.h">
      <Filter>Header Files\State</Filter>
    </ClInclude>
    <ClInclude Include="SourceCode\State\StoreState.h">
      <Filter>Header Files\State</Filter>
    </ClInclude>
    <ClInclude Include="SourceCode\State\TitleState.h">
      <Filter>Header Files\State</Filter>
    </ClInclude>
    <ClInclude Include="SourceCode\State\UserMenuState.h">
      <Filter>Header Files\State</Filter>
    </ClInclude>
    <ClInclude Include="SourceCode\Controls.h">
      <Filter>Header Files</Filter>
    </ClInclude>
    <ClInclude Include="SourceCode\Global.h">
      <Filter>Header Files</Filter>
    </ClInclude>
  </ItemGroup>
  <ItemGroup>
    <ClCompile Include="SourceCode\Controls\EditControl.cpp">
      <Filter>Source Files\Controls</Filter>
    </ClCompile>
    <ClCompile Include="SourceCode\Controls\GroupBox.cpp">
      <Filter>Source Files\Controls</Filter>
    </ClCompile>
    <ClCompile Include="SourceCode\Controls\ListBox.cpp">
      <Filter>Source Files\Controls</Filter>
    </ClCompile>
    <ClCompile Include="SourceCode\Controls\PushButton.cpp">
      <Filter>Source Files\Controls</Filter>
    </ClCompile>
    <ClCompile Include="SourceCode\Controls\RadioButton.cpp">
      <Filter>Source Files\Controls</Filter>
    </ClCompile>
    <ClCompile Include="SourceCode\Controls\StaticText.cpp">
      <Filter>Source Files\Controls</Filter>
    </ClCompile>
    <ClCompile Include="SourceCode\State\CreateState.cpp">
      <Filter>Source Files\State</Filter>
    </ClCompile>
    <ClCompile Include="SourceCode\State\GameState.cpp">
      <Filter>Source Files\State</Filter>
    </ClCompile>
    <ClCompile Include="SourceCode\State\LoginSystem.cpp">
      <Filter>Source Files\State</Filter>
    </ClCompile>
    <ClCompile Include="SourceCode\State\SignupState.cpp">
      <Filter>Source Files\State</Filter>
    </ClCompile>
    <ClCompile Include="SourceCode\State\StoreState.cpp">
      <Filter>Source Files\State</Filter>
    </ClCompile>
    <ClCompile Include="SourceCode\State\TitleState.cpp">
      <Filter>Source Files\State</Filter>
    </ClCompile>
    <ClCompile Include="SourceCode\State\UserMenuState.cpp">
      <Filter>Source Files\State</Filter>
    </ClCompile>
    <ClCompile Include="SourceCode\Windows\BackBit.cpp">
      <Filter>Source Files\Windows</Filter>
    </ClCompile>
    <ClCompile Include="SourceCode\Windows\MainFrame.cpp">
      <Filter>Source Files\Windows</Filter>
    </ClCompile>
    <ClCompile Include="SourceCode\Windows\Mouse.cpp">
      <Filter>Source Files\Windows</Filter>
    </ClCompile>
    <ClCompile Include="SourceCode\Windows\Timer.cpp">
      <Filter>Source Files\Windows</Filter>
    </ClCompile>
    <ClCompile Include="SourceCode\Windows\WindowFrame.cpp">
      <Filter>Source Files\Windows</Filter>
    </ClCompile>
    <ClCompile Include="SourceCode\Windows\WinMain.cpp">
      <Filter>Source Files\Windows</Filter>
    </ClCompile>
  </ItemGroup>
</Project>