
Microsoft Visual Studio Solution File, Format Version 12.00
# Visual Studio Version 16
VisualStudioVersion = 16.0.30114.105
MinimumVisualStudioVersion = 10.0.40219.1
Project("{FAE04EC0-301F-11D3-BF4B-00C04F79EFBC}") = "200610", "200610\200610.csproj", "{E0EBB927-775D-43F1-8999-F1EB331B50AF}"
EndProject
Global
	GlobalSection(SolutionConfigurationPlatforms) = preSolution
		Debug|Any CPU = Debug|Any CPU
		Release|Any CPU = Release|Any CPU
	EndGlobalSection
	GlobalSection(ProjectConfigurationPlatforms) = postSolution
		{E0EBB927-775D-43F1-8999-F1EB331B50AF}.Debug|Any CPU.ActiveCfg = Debug|Any CPU
		{E0EBB927-775D-43F1-8999-F1EB331B50AF}.Debug|Any CPU.Build.0 = Debug|Any CPU
		{E0EBB927-775D-43F1-8999-F1EB331B50AF}.Release|Any CPU.ActiveCfg = Release|Any CPU
		{E0EBB927-775D-43F1-8999-F1EB331B50AF}.Release|Any CPU.Build.0 = Release|Any CPU
	EndGlobalSection
	GlobalSection(SolutionProperties) = preSolution
		HideSolutionNode = FALSE
	EndGlobalSection
	GlobalSection(ExtensibilityGlobals) = postSolution
		SolutionGuid = {56B123AD-11A9-4F98-9F79-5DF711F2CF54}
	EndGlobalSection
EndGlobal
